
Microsoft Visual Studio Solution File, Format Version 11.00
# Visual Studio 2010
Project("{FAE04EC0-301F-11D3-BF4B-00C04F79EFBC}") = "Assignment game", "Assembly-CSharp.csproj", "{74229E4E-A6E0-DF79-880F-8033A9670940}"
EndProject
Global
	GlobalSection(SolutionConfigurationPlatforms) = preSolution
		Debug|Any CPU = Debug|Any CPU
		Release|Any CPU = Release|Any CPU
	EndGlobalSection
	GlobalSection(ProjectConfigurationPlatforms) = postSolution
		{74229E4E-A6E0-DF79-880F-8033A9670940}.Debug|Any CPU.ActiveCfg = Debug|Any CPU
		{74229E4E-A6E0-DF79-880F-8033A9670940}.Debug|Any CPU.Build.0 = Debug|Any CPU
		{74229E4E-A6E0-DF79-880F-8033A9670940}.Release|Any CPU.ActiveCfg = Release|Any CPU
		{74229E4E-A6E0-DF79-880F-8033A9670940}.Release|Any CPU.Build.0 = Release|Any CPU
	EndGlobalSection
	GlobalSection(SolutionProperties) = preSolution
		HideSolutionNode = FALSE
	EndGlobalSection
	GlobalSection(MonoDevelopProperties) = preSolution
		StartupItem = Assembly-CSharp.csproj
	EndGlobalSection
EndGlobal
